
Microsoft Visual Studio Solution File, Format Version 12.00
# Visual Studio Version 17
VisualStudioVersion = 17.7.34202.233
MinimumVisualStudioVersion = 10.0.40219.1
Project("{9A19103F-16F7-4668-BE54-9A1E7A4F7556}") = "Slot1_FirstWPF", "Slot1_FirstWPF\Slot1_FirstWPF.csproj", "{11260801-8277-46EA-A294-6E80FFD57CEF}"
EndProject
Project("{9A19103F-16F7-4668-BE54-9A1E7A4F7556}") = "Exercise1", "Exercise1\Exercise1.csproj", "{54D22BA2-D19F-423E-81FB-6C81590D946C}"
EndProject
Project("{9A19103F-16F7-4668-BE54-9A1E7A4F7556}") = "LoadDB_Slot2", "LoadDB_Slot2\LoadDB_Slot2.csproj", "{BA181C1B-4296-487D-85B1-DB7ED71ECA64}"
EndProject
Project("{9A19103F-16F7-4668-BE54-9A1E7A4F7556}") = "LoadDB_Exercise2", "LoadDB_Exercise2\LoadDB_Exercise2.csproj", "{626D8652-779B-4D07-94D5-5089C039A4C4}"
EndProject
Project("{9A19103F-16F7-4668-BE54-9A1E7A4F7556}") = "Binding_WPF", "Binding_WPF\Binding_WPF.csproj", "{590D252F-3BA6-4399-B883-D9EB87F989E5}"
EndProject
Project("{9A19103F-16F7-4668-BE54-9A1E7A4F7556}") = "AutomobileWPFApp", "Lab1_AutomobileManagement\AutomobileWPFApp.csproj", "{F0D14CC3-43A9-4FF5-943F-3E99E3251E58}"
EndProject
Project("{FAE04EC0-301F-11D3-BF4B-00C04F79EFBC}") = "LoadXmlAndJson_Excercise4", "LoadXmlAndJson\LoadXmlAndJson_Excercise4.csproj", "{2EEA67E9-122B-434F-ABAC-5C7CB6053736}"
EndProject
Project("{FAE04EC0-301F-11D3-BF4B-00C04F79EFBC}") = "LoadJson_Excercise3", "LoadJson_Excercise3\LoadJson_Excercise3.csproj", "{D33FF2D8-40F8-4C6B-B328-2DE83A64F933}"
EndProject
Project("{FAE04EC0-301F-11D3-BF4B-00C04F79EFBC}") = "LoadXml_Slot4", "LoadXml_Slot4\LoadXml_Slot4.csproj", "{1B4F2F2B-AA1D-472E-8717-BF612D80A6AA}"
EndProject
Project("{FAE04EC0-301F-11D3-BF4B-00C04F79EFBC}") = "AutomobileLibrary", "AutomobileLibrary\AutomobileLibrary.csproj", "{7EAC024B-99BA-4096-A8A7-0B6F85C1920D}"
EndProject
Global
	GlobalSection(SolutionConfigurationPlatforms) = preSolution
		Debug|Any CPU = Debug|Any CPU
		Release|Any CPU = Release|Any CPU
	EndGlobalSection
	GlobalSection(ProjectConfigurationPlatforms) = postSolution
		{11260801-8277-46EA-A294-6E80FFD57CEF}.Debug|Any CPU.ActiveCfg = Debug|Any CPU
		{11260801-8277-46EA-A294-6E80FFD57CEF}.Debug|Any CPU.Build.0 = Debug|Any CPU
		{11260801-8277-46EA-A294-6E80FFD57CEF}.Release|Any CPU.ActiveCfg = Release|Any CPU
		{11260801-8277-46EA-A294-6E80FFD57CEF}.Release|Any CPU.Build.0 = Release|Any CPU
		{54D22BA2-D19F-423E-81FB-6C81590D946C}.Debug|Any CPU.ActiveCfg = Debug|Any CPU
		{54D22BA2-D19F-423E-81FB-6C81590D946C}.Debug|Any CPU.Build.0 = Debug|Any CPU
		{54D22BA2-D19F-423E-81FB-6C81590D946C}.Release|Any CPU.ActiveCfg = Release|Any CPU
		{54D22BA2-D19F-423E-81FB-6C81590D946C}.Release|Any CPU.Build.0 = Release|Any CPU
		{BA181C1B-4296-487D-85B1-DB7ED71ECA64}.Debug|Any CPU.ActiveCfg = Debug|Any CPU
		{BA181C1B-4296-487D-85B1-DB7ED71ECA64}.Debug|Any CPU.Build.0 = Debug|Any CPU
		{BA181C1B-4296-487D-85B1-DB7ED71ECA64}.Release|Any CPU.ActiveCfg = Release|Any CPU
		{BA181C1B-4296-487D-85B1-DB7ED71ECA64}.Release|Any CPU.Build.0 = Release|Any CPU
		{626D8652-779B-4D07-94D5-5089C039A4C4}.Debug|Any CPU.ActiveCfg = Debug|Any CPU
		{626D8652-779B-4D07-94D5-5089C039A4C4}.Debug|Any CPU.Build.0 = Debug|Any CPU
		{626D8652-779B-4D07-94D5-5089C039A4C4}.Release|Any CPU.ActiveCfg = Release|Any CPU
		{626D8652-779B-4D07-94D5-5089C039A4C4}.Release|Any CPU.Build.0 = Release|Any CPU
		{590D252F-3BA6-4399-B883-D9EB87F989E5}.Debug|Any CPU.ActiveCfg = Debug|Any CPU
		{590D252F-3BA6-4399-B883-D9EB87F989E5}.Debug|Any CPU.Build.0 = Debug|Any CPU
		{590D252F-3BA6-4399-B883-D9EB87F989E5}.Release|Any CPU.ActiveCfg = Release|Any CPU
		{590D252F-3BA6-4399-B883-D9EB87F989E5}.Release|Any CPU.Build.0 = Release|Any CPU
		{F0D14CC3-43A9-4FF5-943F-3E99E3251E58}.Debug|Any CPU.ActiveCfg = Debug|Any CPU
		{F0D14CC3-43A9-4FF5-943F-3E99E3251E58}.Debug|Any CPU.Build.0 = Debug|Any CPU
		{F0D14CC3-43A9-4FF5-943F-3E99E3251E58}.Release|Any CPU.ActiveCfg = Release|Any CPU
		{F0D14CC3-43A9-4FF5-943F-3E99E3251E58}.Release|Any CPU.Build.0 = Release|Any CPU
		{2EEA67E9-122B-434F-ABAC-5C7CB6053736}.Debug|Any CPU.ActiveCfg = Debug|Any CPU
		{2EEA67E9-122B-434F-ABAC-5C7CB6053736}.Debug|Any CPU.Build.0 = Debug|Any CPU
		{2EEA67E9-122B-434F-ABAC-5C7CB6053736}.Release|Any CPU.ActiveCfg = Release|Any CPU
		{2EEA67E9-122B-434F-ABAC-5C7CB6053736}.Release|Any CPU.Build.0 = Release|Any CPU
		{D33FF2D8-40F8-4C6B-B328-2DE83A64F933}.Debug|Any CPU.ActiveCfg = Debug|Any CPU
		{D33FF2D8-40F8-4C6B-B328-2DE83A64F933}.Debug|Any CPU.Build.0 = Debug|Any CPU
		{D33FF2D8-40F8-4C6B-B328-2DE83A64F933}.Release|Any CPU.ActiveCfg = Release|Any CPU
		{D33FF2D8-40F8-4C6B-B328-2DE83A64F933}.Release|Any CPU.Build.0 = Release|Any CPU
		{1B4F2F2B-AA1D-472E-8717-BF612D80A6AA}.Debug|Any CPU.ActiveCfg = Debug|Any CPU
		{1B4F2F2B-AA1D-472E-8717-BF612D80A6AA}.Debug|Any CPU.Build.0 = Debug|Any CPU
		{1B4F2F2B-AA1D-472E-8717-BF612D80A6AA}.Release|Any CPU.ActiveCfg = Release|Any CPU
		{1B4F2F2B-AA1D-472E-8717-BF612D80A6AA}.Release|Any CPU.Build.0 = Release|Any CPU
		{7EAC024B-99BA-4096-A8A7-0B6F85C1920D}.Debug|Any CPU.ActiveCfg = Debug|Any CPU
		{7EAC024B-99BA-4096-A8A7-0B6F85C1920D}.Debug|Any CPU.Build.0 = Debug|Any CPU
		{7EAC024B-99BA-4096-A8A7-0B6F85C1920D}.Release|Any CPU.ActiveCfg = Release|Any CPU
		{7EAC024B-99BA-4096-A8A7-0B6F85C1920D}.Release|Any CPU.Build.0 = Release|Any CPU
	EndGlobalSection
	GlobalSection(SolutionProperties) = preSolution
		HideSolutionNode = FALSE
	EndGlobalSection
	GlobalSection(ExtensibilityGlobals) = postSolution
		SolutionGuid = {FD34713E-1ACE-484F-BA6A-69C428A1C687}
	EndGlobalSection
EndGlobal
