
Microsoft Visual Studio Solution File, Format Version 12.00
# Visual Studio Version 17
VisualStudioVersion = 17.7.34202.233
MinimumVisualStudioVersion = 10.0.40219.1
Project("{9A19103F-16F7-4668-BE54-9A1E7A4F7556}") = "Slot1_FirstWPF", "Slot1_FirstWPF\Slot1_FirstWPF.csproj", "{11260801-8277-46EA-A294-6E80FFD57CEF}"
EndProject
Project("{9A19103F-16F7-4668-BE54-9A1E7A4F7556}") = "Exercise1", "Exercise1\Exercise1.csproj", "{54D22BA2-D19F-423E-81FB-6C81590D946C}"
EndProject
Project("{9A19103F-16F7-4668-BE54-9A1E7A4F7556}") = "LoadDB_EF_Slot2_WPF", "LoadDB_Slot2\LoadDB_EF_Slot2_WPF.csproj", "{BA181C1B-4296-487D-85B1-DB7ED71ECA64}"
EndProject
Project("{9A19103F-16F7-4668-BE54-9A1E7A4F7556}") = "LoadDB_ADONet_Exercise2_WPF", "LoadDB_Exercise2\LoadDB_ADONet_Exercise2_WPF.csproj", "{626D8652-779B-4D07-94D5-5089C039A4C4}"
EndProject
Project("{9A19103F-16F7-4668-BE54-9A1E7A4F7556}") = "AutomobileWPFApp", "Lab1_AutomobileManagement\AutomobileWPFApp.csproj", "{F0D14CC3-43A9-4FF5-943F-3E99E3251E58}"
EndProject
Project("{9A19103F-16F7-4668-BE54-9A1E7A4F7556}") = "LoadXmlAndJson_Excercise4_WPF", "LoadXmlAndJson\LoadXmlAndJson_Excercise4_WPF.csproj", "{2EEA67E9-122B-434F-ABAC-5C7CB6053736}"
EndProject
Project("{9A19103F-16F7-4668-BE54-9A1E7A4F7556}") = "LoadJson_Excercise3_WPF", "LoadJson_Excercise3\LoadJson_Excercise3_WPF.csproj", "{D33FF2D8-40F8-4C6B-B328-2DE83A64F933}"
EndProject
Project("{9A19103F-16F7-4668-BE54-9A1E7A4F7556}") = "LoadXml_Slot4_WPF", "LoadXml_Slot4\LoadXml_Slot4_WPF.csproj", "{1B4F2F2B-AA1D-472E-8717-BF612D80A6AA}"
EndProject
Project("{9A19103F-16F7-4668-BE54-9A1E7A4F7556}") = "AutomobileLibrary", "AutomobileLibrary\AutomobileLibrary.csproj", "{7EAC024B-99BA-4096-A8A7-0B6F85C1920D}"
EndProject
Project("{9A19103F-16F7-4668-BE54-9A1E7A4F7556}") = "Demo_DependencyInjection", "Demo_DependencyInjection\Demo_DependencyInjection.csproj", "{90B1F6E7-B519-4050-A032-7FEC56598114}"
EndProject
Project("{9A19103F-16F7-4668-BE54-9A1E7A4F7556}") = "Demo_RazorPage", "Demo_RazorPage\Demo_RazorPage.csproj", "{40F72B61-5AB1-412E-9CE8-805D0D90DFDF}"
EndProject
Project("{9A19103F-16F7-4668-BE54-9A1E7A4F7556}") = "LoadTxt_Practice_WPF", "LoadTxt_Practice\LoadTxt_Practice_WPF.csproj", "{D940149D-3173-4872-937F-C173ACDB8911}"
EndProject
Project("{9A19103F-16F7-4668-BE54-9A1E7A4F7556}") = "LoadDB_EF_RazorPage", "LoadDB_EF_RazorPage\LoadDB_EF_RazorPage.csproj", "{1D50A4E8-6D51-4449-BE1E-825EF9BA1785}"
EndProject
Project("{9A19103F-16F7-4668-BE54-9A1E7A4F7556}") = "Self_Learning_WPF", "Self_Learning_WPF\Self_Learning_WPF.csproj", "{625E2877-8916-4D43-9CC7-C32565247584}"
EndProject
Project("{9A19103F-16F7-4668-BE54-9A1E7A4F7556}") = "LoadDB_ADONet_RazorPage", "LoadDB_ADO.Net\LoadDB_ADONet_RazorPage.csproj", "{4880947B-BA60-45FC-8D3B-10AA648EF8D3}"
EndProject
Project("{9A19103F-16F7-4668-BE54-9A1E7A4F7556}") = "LoadXML_RazorPage", "LoadXML_RazorPage\LoadXML_RazorPage.csproj", "{367BCC19-7FE9-49E7-8FE6-0B52857B0F8A}"
EndProject
Project("{FAE04EC0-301F-11D3-BF4B-00C04F79EFBC}") = "URI_Demo", "Networking_PRN221\URI_Demo.csproj", "{09011D91-F685-4642-9C9E-3A03213A87C6}"
EndProject
Project("{FAE04EC0-301F-11D3-BF4B-00C04F79EFBC}") = "WebRequest_WebRespone_Demo", "WebRequest_WebRespone_Demo\WebRequest_WebRespone_Demo.csproj", "{3B4AB7D4-5D65-4855-89FC-1E2E040D9FA3}"
EndProject
Project("{FAE04EC0-301F-11D3-BF4B-00C04F79EFBC}") = "HttpClient_Demo_ConsoleApp", "HttpClient_Demo\HttpClient_Demo_ConsoleApp.csproj", "{BE2EC79B-9A63-4FAA-A768-703274437B4F}"
EndProject
Project("{FAE04EC0-301F-11D3-BF4B-00C04F79EFBC}") = "HttpClient_Demo_WPF", "HttpClient_Demo_WPF\HttpClient_Demo_WPF.csproj", "{DE750C6C-41A0-4D15-BA85-77F772675B05}"
EndProject
Project("{FAE04EC0-301F-11D3-BF4B-00C04F79EFBC}") = "DNS_Demo", "DNS_Demo\DNS_Demo.csproj", "{0F7D6944-7353-44EB-8251-1D2E7DE39DAD}"
EndProject
Project("{FAE04EC0-301F-11D3-BF4B-00C04F79EFBC}") = "ServerApp_Demo", "ServerApp_Demo\ServerApp_Demo.csproj", "{4C5F1675-9AC7-418B-A38F-4A0FF25F54AE}"
EndProject
Project("{FAE04EC0-301F-11D3-BF4B-00C04F79EFBC}") = "ClientApp_Demo", "ClientApp_Demo\ClientApp_Demo.csproj", "{FF129563-AA2A-4CCF-9413-1860E3076860}"
EndProject
Project("{FAE04EC0-301F-11D3-BF4B-00C04F79EFBC}") = "UDPServerApp_Demo", "UDPServerApp_Demo\UDPServerApp_Demo.csproj", "{8BF28CEF-E4D7-45CB-ADB5-8091A773CF43}"
EndProject
Project("{FAE04EC0-301F-11D3-BF4B-00C04F79EFBC}") = "UDPClientApp_Demo", "UDPClientApp_Demo\UDPClientApp_Demo.csproj", "{EFDB603B-B7C6-4B2B-AFD1-24266AAFCB5E}"
EndProject
Global
	GlobalSection(SolutionConfigurationPlatforms) = preSolution
		Debug|Any CPU = Debug|Any CPU
		Release|Any CPU = Release|Any CPU
	EndGlobalSection
	GlobalSection(ProjectConfigurationPlatforms) = postSolution
		{11260801-8277-46EA-A294-6E80FFD57CEF}.Debug|Any CPU.ActiveCfg = Debug|Any CPU
		{11260801-8277-46EA-A294-6E80FFD57CEF}.Debug|Any CPU.Build.0 = Debug|Any CPU
		{11260801-8277-46EA-A294-6E80FFD57CEF}.Release|Any CPU.ActiveCfg = Release|Any CPU
		{11260801-8277-46EA-A294-6E80FFD57CEF}.Release|Any CPU.Build.0 = Release|Any CPU
		{54D22BA2-D19F-423E-81FB-6C81590D946C}.Debug|Any CPU.ActiveCfg = Debug|Any CPU
		{54D22BA2-D19F-423E-81FB-6C81590D946C}.Debug|Any CPU.Build.0 = Debug|Any CPU
		{54D22BA2-D19F-423E-81FB-6C81590D946C}.Release|Any CPU.ActiveCfg = Release|Any CPU
		{54D22BA2-D19F-423E-81FB-6C81590D946C}.Release|Any CPU.Build.0 = Release|Any CPU
		{BA181C1B-4296-487D-85B1-DB7ED71ECA64}.Debug|Any CPU.ActiveCfg = Debug|Any CPU
		{BA181C1B-4296-487D-85B1-DB7ED71ECA64}.Debug|Any CPU.Build.0 = Debug|Any CPU
		{BA181C1B-4296-487D-85B1-DB7ED71ECA64}.Release|Any CPU.ActiveCfg = Release|Any CPU
		{BA181C1B-4296-487D-85B1-DB7ED71ECA64}.Release|Any CPU.Build.0 = Release|Any CPU
		{626D8652-779B-4D07-94D5-5089C039A4C4}.Debug|Any CPU.ActiveCfg = Debug|Any CPU
		{626D8652-779B-4D07-94D5-5089C039A4C4}.Debug|Any CPU.Build.0 = Debug|Any CPU
		{626D8652-779B-4D07-94D5-5089C039A4C4}.Release|Any CPU.ActiveCfg = Release|Any CPU
		{626D8652-779B-4D07-94D5-5089C039A4C4}.Release|Any CPU.Build.0 = Release|Any CPU
		{F0D14CC3-43A9-4FF5-943F-3E99E3251E58}.Debug|Any CPU.ActiveCfg = Debug|Any CPU
		{F0D14CC3-43A9-4FF5-943F-3E99E3251E58}.Debug|Any CPU.Build.0 = Debug|Any CPU
		{F0D14CC3-43A9-4FF5-943F-3E99E3251E58}.Release|Any CPU.ActiveCfg = Release|Any CPU
		{F0D14CC3-43A9-4FF5-943F-3E99E3251E58}.Release|Any CPU.Build.0 = Release|Any CPU
		{2EEA67E9-122B-434F-ABAC-5C7CB6053736}.Debug|Any CPU.ActiveCfg = Debug|Any CPU
		{2EEA67E9-122B-434F-ABAC-5C7CB6053736}.Debug|Any CPU.Build.0 = Debug|Any CPU
		{2EEA67E9-122B-434F-ABAC-5C7CB6053736}.Release|Any CPU.ActiveCfg = Release|Any CPU
		{2EEA67E9-122B-434F-ABAC-5C7CB6053736}.Release|Any CPU.Build.0 = Release|Any CPU
		{D33FF2D8-40F8-4C6B-B328-2DE83A64F933}.Debug|Any CPU.ActiveCfg = Debug|Any CPU
		{D33FF2D8-40F8-4C6B-B328-2DE83A64F933}.Debug|Any CPU.Build.0 = Debug|Any CPU
		{D33FF2D8-40F8-4C6B-B328-2DE83A64F933}.Release|Any CPU.ActiveCfg = Release|Any CPU
		{D33FF2D8-40F8-4C6B-B328-2DE83A64F933}.Release|Any CPU.Build.0 = Release|Any CPU
		{1B4F2F2B-AA1D-472E-8717-BF612D80A6AA}.Debug|Any CPU.ActiveCfg = Debug|Any CPU
		{1B4F2F2B-AA1D-472E-8717-BF612D80A6AA}.Debug|Any CPU.Build.0 = Debug|Any CPU
		{1B4F2F2B-AA1D-472E-8717-BF612D80A6AA}.Release|Any CPU.ActiveCfg = Release|Any CPU
		{1B4F2F2B-AA1D-472E-8717-BF612D80A6AA}.Release|Any CPU.Build.0 = Release|Any CPU
		{7EAC024B-99BA-4096-A8A7-0B6F85C1920D}.Debug|Any CPU.ActiveCfg = Debug|Any CPU
		{7EAC024B-99BA-4096-A8A7-0B6F85C1920D}.Debug|Any CPU.Build.0 = Debug|Any CPU
		{7EAC024B-99BA-4096-A8A7-0B6F85C1920D}.Release|Any CPU.ActiveCfg = Release|Any CPU
		{7EAC024B-99BA-4096-A8A7-0B6F85C1920D}.Release|Any CPU.Build.0 = Release|Any CPU
		{90B1F6E7-B519-4050-A032-7FEC56598114}.Debug|Any CPU.ActiveCfg = Debug|Any CPU
		{90B1F6E7-B519-4050-A032-7FEC56598114}.Debug|Any CPU.Build.0 = Debug|Any CPU
		{90B1F6E7-B519-4050-A032-7FEC56598114}.Release|Any CPU.ActiveCfg = Release|Any CPU
		{90B1F6E7-B519-4050-A032-7FEC56598114}.Release|Any CPU.Build.0 = Release|Any CPU
		{40F72B61-5AB1-412E-9CE8-805D0D90DFDF}.Debug|Any CPU.ActiveCfg = Debug|Any CPU
		{40F72B61-5AB1-412E-9CE8-805D0D90DFDF}.Debug|Any CPU.Build.0 = Debug|Any CPU
		{40F72B61-5AB1-412E-9CE8-805D0D90DFDF}.Release|Any CPU.ActiveCfg = Release|Any CPU
		{40F72B61-5AB1-412E-9CE8-805D0D90DFDF}.Release|Any CPU.Build.0 = Release|Any CPU
		{D940149D-3173-4872-937F-C173ACDB8911}.Debug|Any CPU.ActiveCfg = Debug|Any CPU
		{D940149D-3173-4872-937F-C173ACDB8911}.Debug|Any CPU.Build.0 = Debug|Any CPU
		{D940149D-3173-4872-937F-C173ACDB8911}.Release|Any CPU.ActiveCfg = Release|Any CPU
		{D940149D-3173-4872-937F-C173ACDB8911}.Release|Any CPU.Build.0 = Release|Any CPU
		{1D50A4E8-6D51-4449-BE1E-825EF9BA1785}.Debug|Any CPU.ActiveCfg = Debug|Any CPU
		{1D50A4E8-6D51-4449-BE1E-825EF9BA1785}.Debug|Any CPU.Build.0 = Debug|Any CPU
		{1D50A4E8-6D51-4449-BE1E-825EF9BA1785}.Release|Any CPU.ActiveCfg = Release|Any CPU
		{1D50A4E8-6D51-4449-BE1E-825EF9BA1785}.Release|Any CPU.Build.0 = Release|Any CPU
		{625E2877-8916-4D43-9CC7-C32565247584}.Debug|Any CPU.ActiveCfg = Debug|Any CPU
		{625E2877-8916-4D43-9CC7-C32565247584}.Debug|Any CPU.Build.0 = Debug|Any CPU
		{625E2877-8916-4D43-9CC7-C32565247584}.Release|Any CPU.ActiveCfg = Release|Any CPU
		{625E2877-8916-4D43-9CC7-C32565247584}.Release|Any CPU.Build.0 = Release|Any CPU
		{4880947B-BA60-45FC-8D3B-10AA648EF8D3}.Debug|Any CPU.ActiveCfg = Debug|Any CPU
		{4880947B-BA60-45FC-8D3B-10AA648EF8D3}.Debug|Any CPU.Build.0 = Debug|Any CPU
		{4880947B-BA60-45FC-8D3B-10AA648EF8D3}.Release|Any CPU.ActiveCfg = Release|Any CPU
		{4880947B-BA60-45FC-8D3B-10AA648EF8D3}.Release|Any CPU.Build.0 = Release|Any CPU
		{367BCC19-7FE9-49E7-8FE6-0B52857B0F8A}.Debug|Any CPU.ActiveCfg = Debug|Any CPU
		{367BCC19-7FE9-49E7-8FE6-0B52857B0F8A}.Debug|Any CPU.Build.0 = Debug|Any CPU
		{367BCC19-7FE9-49E7-8FE6-0B52857B0F8A}.Release|Any CPU.ActiveCfg = Release|Any CPU
		{367BCC19-7FE9-49E7-8FE6-0B52857B0F8A}.Release|Any CPU.Build.0 = Release|Any CPU
		{09011D91-F685-4642-9C9E-3A03213A87C6}.Debug|Any CPU.ActiveCfg = Debug|Any CPU
		{09011D91-F685-4642-9C9E-3A03213A87C6}.Debug|Any CPU.Build.0 = Debug|Any CPU
		{09011D91-F685-4642-9C9E-3A03213A87C6}.Release|Any CPU.ActiveCfg = Release|Any CPU
		{09011D91-F685-4642-9C9E-3A03213A87C6}.Release|Any CPU.Build.0 = Release|Any CPU
		{3B4AB7D4-5D65-4855-89FC-1E2E040D9FA3}.Debug|Any CPU.ActiveCfg = Debug|Any CPU
		{3B4AB7D4-5D65-4855-89FC-1E2E040D9FA3}.Debug|Any CPU.Build.0 = Debug|Any CPU
		{3B4AB7D4-5D65-4855-89FC-1E2E040D9FA3}.Release|Any CPU.ActiveCfg = Release|Any CPU
		{3B4AB7D4-5D65-4855-89FC-1E2E040D9FA3}.Release|Any CPU.Build.0 = Release|Any CPU
		{BE2EC79B-9A63-4FAA-A768-703274437B4F}.Debug|Any CPU.ActiveCfg = Debug|Any CPU
		{BE2EC79B-9A63-4FAA-A768-703274437B4F}.Debug|Any CPU.Build.0 = Debug|Any CPU
		{BE2EC79B-9A63-4FAA-A768-703274437B4F}.Release|Any CPU.ActiveCfg = Release|Any CPU
		{BE2EC79B-9A63-4FAA-A768-703274437B4F}.Release|Any CPU.Build.0 = Release|Any CPU
		{DE750C6C-41A0-4D15-BA85-77F772675B05}.Debug|Any CPU.ActiveCfg = Debug|Any CPU
		{DE750C6C-41A0-4D15-BA85-77F772675B05}.Debug|Any CPU.Build.0 = Debug|Any CPU
		{DE750C6C-41A0-4D15-BA85-77F772675B05}.Release|Any CPU.ActiveCfg = Release|Any CPU
		{DE750C6C-41A0-4D15-BA85-77F772675B05}.Release|Any CPU.Build.0 = Release|Any CPU
		{0F7D6944-7353-44EB-8251-1D2E7DE39DAD}.Debug|Any CPU.ActiveCfg = Debug|Any CPU
		{0F7D6944-7353-44EB-8251-1D2E7DE39DAD}.Debug|Any CPU.Build.0 = Debug|Any CPU
		{0F7D6944-7353-44EB-8251-1D2E7DE39DAD}.Release|Any CPU.ActiveCfg = Release|Any CPU
		{0F7D6944-7353-44EB-8251-1D2E7DE39DAD}.Release|Any CPU.Build.0 = Release|Any CPU
		{4C5F1675-9AC7-418B-A38F-4A0FF25F54AE}.Debug|Any CPU.ActiveCfg = Debug|Any CPU
		{4C5F1675-9AC7-418B-A38F-4A0FF25F54AE}.Debug|Any CPU.Build.0 = Debug|Any CPU
		{4C5F1675-9AC7-418B-A38F-4A0FF25F54AE}.Release|Any CPU.ActiveCfg = Release|Any CPU
		{4C5F1675-9AC7-418B-A38F-4A0FF25F54AE}.Release|Any CPU.Build.0 = Release|Any CPU
		{FF129563-AA2A-4CCF-9413-1860E3076860}.Debug|Any CPU.ActiveCfg = Debug|Any CPU
		{FF129563-AA2A-4CCF-9413-1860E3076860}.Debug|Any CPU.Build.0 = Debug|Any CPU
		{FF129563-AA2A-4CCF-9413-1860E3076860}.Release|Any CPU.ActiveCfg = Release|Any CPU
		{FF129563-AA2A-4CCF-9413-1860E3076860}.Release|Any CPU.Build.0 = Release|Any CPU
		{8BF28CEF-E4D7-45CB-ADB5-8091A773CF43}.Debug|Any CPU.ActiveCfg = Debug|Any CPU
		{8BF28CEF-E4D7-45CB-ADB5-8091A773CF43}.Debug|Any CPU.Build.0 = Debug|Any CPU
		{8BF28CEF-E4D7-45CB-ADB5-8091A773CF43}.Release|Any CPU.ActiveCfg = Release|Any CPU
		{8BF28CEF-E4D7-45CB-ADB5-8091A773CF43}.Release|Any CPU.Build.0 = Release|Any CPU
		{EFDB603B-B7C6-4B2B-AFD1-24266AAFCB5E}.Debug|Any CPU.ActiveCfg = Debug|Any CPU
		{EFDB603B-B7C6-4B2B-AFD1-24266AAFCB5E}.Debug|Any CPU.Build.0 = Debug|Any CPU
		{EFDB603B-B7C6-4B2B-AFD1-24266AAFCB5E}.Release|Any CPU.ActiveCfg = Release|Any CPU
		{EFDB603B-B7C6-4B2B-AFD1-24266AAFCB5E}.Release|Any CPU.Build.0 = Release|Any CPU
	EndGlobalSection
	GlobalSection(SolutionProperties) = preSolution
		HideSolutionNode = FALSE
	EndGlobalSection
	GlobalSection(ExtensibilityGlobals) = postSolution
		SolutionGuid = {FD34713E-1ACE-484F-BA6A-69C428A1C687}
	EndGlobalSection
EndGlobal
